
Microsoft Visual Studio Solution File, Format Version 12.00
# Visual Studio Version 17
VisualStudioVersion = 17.14.37111.16
MinimumVisualStudioVersion = 10.0.40219.1
Project("{8BC9CEB8-8B4A-11D0-8D11-00A0C91BC942}") = "1_ATutorialIntroduction", "src\ch01_tutorial_introduction\examples\1_ATutorialIntroduction\1_ATutorialIntroduction.vcxproj", "{72765DB5-8F46-41EA-87A6-620FF837E4E1}"
EndProject
Global
	GlobalSection(SolutionConfigurationPlatforms) = preSolution
		Debug|x64 = Debug|x64
		Debug|x86 = Debug|x86
		Release|x64 = Release|x64
		Release|x86 = Release|x86
	EndGlobalSection
	GlobalSection(ProjectConfigurationPlatforms) = postSolution
		{72765DB5-8F46-41EA-87A6-620FF837E4E1}.Debug|x64.ActiveCfg = Debug|x64
		{72765DB5-8F46-41EA-87A6-620FF837E4E1}.Debug|x64.Build.0 = Debug|x64
		{72765DB5-8F46-41EA-87A6-620FF837E4E1}.Debug|x86.ActiveCfg = Debug|Win32
		{72765DB5-8F46-41EA-87A6-620FF837E4E1}.Debug|x86.Build.0 = Debug|Win32
		{72765DB5-8F46-41EA-87A6-620FF837E4E1}.Release|x64.ActiveCfg = Release|x64
		{72765DB5-8F46-41EA-87A6-620FF837E4E1}.Release|x64.Build.0 = Release|x64
		{72765DB5-8F46-41EA-87A6-620FF837E4E1}.Release|x86.ActiveCfg = Release|Win32
		{72765DB5-8F46-41EA-87A6-620FF837E4E1}.Release|x86.Build.0 = Release|Win32
	EndGlobalSection
	GlobalSection(SolutionProperties) = preSolution
		HideSolutionNode = FALSE
	EndGlobalSection
	GlobalSection(ExtensibilityGlobals) = postSolution
		SolutionGuid = {7D78859B-17DB-4FFD-8671-8BD41F30417E}
	EndGlobalSection
EndGlobal
